
Microsoft Visual Studio Solution File, Format Version 12.00
# Visual Studio Version 16
VisualStudioVersion = 16.0.31019.35
MinimumVisualStudioVersion = 10.0.40219.1
Project("{FAE04EC0-301F-11D3-BF4B-00C04F79EFBC}") = "EmployeeManagement", "EmployeeManagement\EmployeeManagement.csproj", "{2852C85E-EFD4-4B4D-B365-813F715B8AED}"
EndProject
Global
	GlobalSection(SolutionConfigurationPlatforms) = preSolution
		Debug|Any CPU = Debug|Any CPU
		Release|Any CPU = Release|Any CPU
	EndGlobalSection
	GlobalSection(ProjectConfigurationPlatforms) = postSolution
		{2852C85E-EFD4-4B4D-B365-813F715B8AED}.Debug|Any CPU.ActiveCfg = Debug|Any CPU
		{2852C85E-EFD4-4B4D-B365-813F715B8AED}.Debug|Any CPU.Build.0 = Debug|Any CPU
		{2852C85E-EFD4-4B4D-B365-813F715B8AED}.Release|Any CPU.ActiveCfg = Release|Any CPU
		{2852C85E-EFD4-4B4D-B365-813F715B8AED}.Release|Any CPU.Build.0 = Release|Any CPU
	EndGlobalSection
	GlobalSection(SolutionProperties) = preSolution
		HideSolutionNode = FALSE
	EndGlobalSection
	GlobalSection(ExtensibilityGlobals) = postSolution
		SolutionGuid = {08C40567-D0C3-4164-B014-373860D0A8C7}
	EndGlobalSection
EndGlobal
